
Microsoft Visual Studio Solution File, Format Version 12.00
# Visual Studio 15
VisualStudioVersion = 15.0.28307.106
MinimumVisualStudioVersion = 10.0.40219.1
Project("{FAE04EC0-301F-11D3-BF4B-00C04F79EFBC}") = "NewsAPI", "NewsAPI\NewsAPI.csproj", "{2DBDAF46-6AD2-4347-A13D-228D5F8760D4}"
EndProject
Global
	GlobalSection(SolutionConfigurationPlatforms) = preSolution
		Debug|Any CPU = Debug|Any CPU
		Release|Any CPU = Release|Any CPU
	EndGlobalSection
	GlobalSection(ProjectConfigurationPlatforms) = postSolution
		{2DBDAF46-6AD2-4347-A13D-228D5F8760D4}.Debug|Any CPU.ActiveCfg = Debug|Any CPU
		{2DBDAF46-6AD2-4347-A13D-228D5F8760D4}.Debug|Any CPU.Build.0 = Debug|Any CPU
		{2DBDAF46-6AD2-4347-A13D-228D5F8760D4}.Release|Any CPU.ActiveCfg = Release|Any CPU
		{2DBDAF46-6AD2-4347-A13D-228D5F8760D4}.Release|Any CPU.Build.0 = Release|Any CPU
	EndGlobalSection
	GlobalSection(SolutionProperties) = preSolution
		HideSolutionNode = FALSE
	EndGlobalSection
	GlobalSection(ExtensibilityGlobals) = postSolution
		SolutionGuid = {23812F51-60BC-4A55-AFA6-58B712DA0BE8}
	EndGlobalSection
EndGlobal
